
Microsoft Visual Studio Solution File, Format Version 12.00
# Visual Studio Version 17
VisualStudioVersion = 17.8.34330.188
MinimumVisualStudioVersion = 10.0.40219.1
Project("{FAE04EC0-301F-11D3-BF4B-00C04F79EFBC}") = "Day5", "Day5\Day5.csproj", "{A86D46DF-91A7-4EA7-A421-8C92509EF74C}"
EndProject
Global
	GlobalSection(SolutionConfigurationPlatforms) = preSolution
		Debug|Any CPU = Debug|Any CPU
		Release|Any CPU = Release|Any CPU
	EndGlobalSection
	GlobalSection(ProjectConfigurationPlatforms) = postSolution
		{A86D46DF-91A7-4EA7-A421-8C92509EF74C}.Debug|Any CPU.ActiveCfg = Debug|Any CPU
		{A86D46DF-91A7-4EA7-A421-8C92509EF74C}.Debug|Any CPU.Build.0 = Debug|Any CPU
		{A86D46DF-91A7-4EA7-A421-8C92509EF74C}.Release|Any CPU.ActiveCfg = Release|Any CPU
		{A86D46DF-91A7-4EA7-A421-8C92509EF74C}.Release|Any CPU.Build.0 = Release|Any CPU
	EndGlobalSection
	GlobalSection(SolutionProperties) = preSolution
		HideSolutionNode = FALSE
	EndGlobalSection
	GlobalSection(ExtensibilityGlobals) = postSolution
		SolutionGuid = {8A04C25B-7427-45E7-8529-3D86D0C67E7A}
	EndGlobalSection
EndGlobal
